
Microsoft Visual Studio Solution File, Format Version 12.00
# Visual Studio Express 2012 for Windows Desktop
Project("{FAE04EC0-301F-11D3-BF4B-00C04F79EFBC}") = "Productos", "Productos\Productos.csproj", "{37C34D7F-6E37-43D9-8BA4-ACEAE29E2121}"
EndProject
Global
	GlobalSection(SolutionConfigurationPlatforms) = preSolution
		Debug|Any CPU = Debug|Any CPU
		Release|Any CPU = Release|Any CPU
	EndGlobalSection
	GlobalSection(ProjectConfigurationPlatforms) = postSolution
		{37C34D7F-6E37-43D9-8BA4-ACEAE29E2121}.Debug|Any CPU.ActiveCfg = Debug|Any CPU
		{37C34D7F-6E37-43D9-8BA4-ACEAE29E2121}.Debug|Any CPU.Build.0 = Debug|Any CPU
		{37C34D7F-6E37-43D9-8BA4-ACEAE29E2121}.Release|Any CPU.ActiveCfg = Release|Any CPU
		{37C34D7F-6E37-43D9-8BA4-ACEAE29E2121}.Release|Any CPU.Build.0 = Release|Any CPU
	EndGlobalSection
	GlobalSection(SolutionProperties) = preSolution
		HideSolutionNode = FALSE
	EndGlobalSection
EndGlobal
